
Microsoft Visual Studio Solution File, Format Version 12.00
# Visual Studio Version 17
VisualStudioVersion = 17.10.35013.160
MinimumVisualStudioVersion = 10.0.40219.1
Project("{FAE04EC0-301F-11D3-BF4B-00C04F79EFBC}") = "ProjetComplet", "ProjetComplet\ProjetComplet.csproj", "{BB8187A3-E1DD-450E-B8CE-678B08973913}"
EndProject
Global
	GlobalSection(SolutionConfigurationPlatforms) = preSolution
		Debug|Any CPU = Debug|Any CPU
		Release|Any CPU = Release|Any CPU
	EndGlobalSection
	GlobalSection(ProjectConfigurationPlatforms) = postSolution
		{BB8187A3-E1DD-450E-B8CE-678B08973913}.Debug|Any CPU.ActiveCfg = Debug|Any CPU
		{BB8187A3-E1DD-450E-B8CE-678B08973913}.Debug|Any CPU.Build.0 = Debug|Any CPU
		{BB8187A3-E1DD-450E-B8CE-678B08973913}.Release|Any CPU.ActiveCfg = Release|Any CPU
		{BB8187A3-E1DD-450E-B8CE-678B08973913}.Release|Any CPU.Build.0 = Release|Any CPU
	EndGlobalSection
	GlobalSection(SolutionProperties) = preSolution
		HideSolutionNode = FALSE
	EndGlobalSection
	GlobalSection(ExtensibilityGlobals) = postSolution
		SolutionGuid = {47E26423-F51F-4215-BC8A-6480FABE2B3F}
	EndGlobalSection
EndGlobal
